
Microsoft Visual Studio Solution File, Format Version 12.00
# Visual Studio Version 17
VisualStudioVersion = 17.12.35527.113
MinimumVisualStudioVersion = 10.0.40219.1
Project("{FAE04EC0-301F-11D3-BF4B-00C04F79EFBC}") = "TDDTestingMVC", "TDDTestingMVC\TDDTestingMVC.csproj", "{1E6475D8-101F-4877-BF2B-056A0FAD858B}"
EndProject
Project("{FAE04EC0-301F-11D3-BF4B-00C04F79EFBC}") = "ProductTests", "ProductTests\ProductTests.csproj", "{5005CDD4-D50B-4BAA-93E9-BF0CC7F432BA}"
EndProject
Project("{FAE04EC0-301F-11D3-BF4B-00C04F79EFBC}") = "ReqnrollTestProject", "ReqnrollTestProject\ReqnrollTestProject.csproj", "{03E465C2-FDD9-42C6-B4EC-E95769CDE9DD}"
EndProject
Global
	GlobalSection(SolutionConfigurationPlatforms) = preSolution
		Debug|Any CPU = Debug|Any CPU
		Release|Any CPU = Release|Any CPU
	EndGlobalSection
	GlobalSection(ProjectConfigurationPlatforms) = postSolution
		{1E6475D8-101F-4877-BF2B-056A0FAD858B}.Debug|Any CPU.ActiveCfg = Debug|Any CPU
		{1E6475D8-101F-4877-BF2B-056A0FAD858B}.Debug|Any CPU.Build.0 = Debug|Any CPU
		{1E6475D8-101F-4877-BF2B-056A0FAD858B}.Release|Any CPU.ActiveCfg = Release|Any CPU
		{1E6475D8-101F-4877-BF2B-056A0FAD858B}.Release|Any CPU.Build.0 = Release|Any CPU
		{5005CDD4-D50B-4BAA-93E9-BF0CC7F432BA}.Debug|Any CPU.ActiveCfg = Debug|Any CPU
		{5005CDD4-D50B-4BAA-93E9-BF0CC7F432BA}.Debug|Any CPU.Build.0 = Debug|Any CPU
		{5005CDD4-D50B-4BAA-93E9-BF0CC7F432BA}.Release|Any CPU.ActiveCfg = Release|Any CPU
		{5005CDD4-D50B-4BAA-93E9-BF0CC7F432BA}.Release|Any CPU.Build.0 = Release|Any CPU
		{03E465C2-FDD9-42C6-B4EC-E95769CDE9DD}.Debug|Any CPU.ActiveCfg = Debug|Any CPU
		{03E465C2-FDD9-42C6-B4EC-E95769CDE9DD}.Debug|Any CPU.Build.0 = Debug|Any CPU
		{03E465C2-FDD9-42C6-B4EC-E95769CDE9DD}.Release|Any CPU.ActiveCfg = Release|Any CPU
		{03E465C2-FDD9-42C6-B4EC-E95769CDE9DD}.Release|Any CPU.Build.0 = Release|Any CPU
	EndGlobalSection
	GlobalSection(SolutionProperties) = preSolution
		HideSolutionNode = FALSE
	EndGlobalSection
EndGlobal
